
Microsoft Visual Studio Solution File, Format Version 12.00
# Visual Studio Version 17
VisualStudioVersion = 17.5.002.0
MinimumVisualStudioVersion = 10.0.40219.1
Project("{2150E333-8FDC-42A3-9474-1A3956D46DE8}") = "csharp-prep", "csharp-prep", "{EE5FB16D-69FB-4281-BFCA-0B0B4E5167A2}"
EndProject
Project("{9A19103F-16F7-4668-BE54-9A1E7A4F7556}") = "Prep1", "csharp-prep\Prep1\Prep1.csproj", "{D9CC7530-94E1-49F5-9E6F-4C06A99B27F9}"
EndProject
Project("{9A19103F-16F7-4668-BE54-9A1E7A4F7556}") = "Prep2", "csharp-prep\Prep2\Prep2.csproj", "{61694BA3-151F-4060-9267-93F0920D8979}"
EndProject
Project("{9A19103F-16F7-4668-BE54-9A1E7A4F7556}") = "Prep3", "csharp-prep\Prep3\Prep3.csproj", "{AE817606-C2BC-4650-8FDB-90C14B56E48A}"
EndProject
Project("{9A19103F-16F7-4668-BE54-9A1E7A4F7556}") = "Prep4", "csharp-prep\Prep4\Prep4.csproj", "{8330F802-E916-4DB2-B4EF-8D2DF5F70D69}"
EndProject
Project("{9A19103F-16F7-4668-BE54-9A1E7A4F7556}") = "Prep5", "csharp-prep\Prep5\Prep5.csproj", "{7E5D7565-1C82-4FB0-9F12-A35CC3A97D66}"
EndProject
Project("{2150E333-8FDC-42A3-9474-1A3956D46DE8}") = "final", "final", "{24A309B6-900E-4AD8-AE92-203AF8181F6D}"
EndProject
Project("{9A19103F-16F7-4668-BE54-9A1E7A4F7556}") = "FinalProject", "final\FinalProject\FinalProject.csproj", "{445AB807-B67E-490D-918B-4625B6A93C0A}"
EndProject
Project("{9A19103F-16F7-4668-BE54-9A1E7A4F7556}") = "Foundation1", "final\Foundation1\Foundation1.csproj", "{D2456EA8-9CC3-4A8E-85F0-4316C4B478E3}"
EndProject
Project("{9A19103F-16F7-4668-BE54-9A1E7A4F7556}") = "Foundation2", "final\Foundation2\Foundation2.csproj", "{C3B4AB6E-0ADE-487D-987B-C9FBA6FE75CC}"
EndProject
Project("{9A19103F-16F7-4668-BE54-9A1E7A4F7556}") = "Foundation3", "final\Foundation3\Foundation3.csproj", "{DD0C6F12-9D79-4915-AB71-3A17A4F7CA27}"
EndProject
Project("{9A19103F-16F7-4668-BE54-9A1E7A4F7556}") = "Foundation4", "final\Foundation4\Foundation4.csproj", "{96168AEC-569C-4E9C-BD27-336917DA56E0}"
EndProject
Project("{2150E333-8FDC-42A3-9474-1A3956D46DE8}") = "prepare", "prepare", "{2896F20A-9AB6-4796-951A-9E41430106B3}"
EndProject
Project("{9A19103F-16F7-4668-BE54-9A1E7A4F7556}") = "Learning02", "prepare\Learning02\Learning02.csproj", "{DDBE3B25-14B9-40AD-B8FC-84CE01DB0D19}"
EndProject
Project("{9A19103F-16F7-4668-BE54-9A1E7A4F7556}") = "Learning03", "prepare\Learning03\Learning03.csproj", "{BD1F6A73-3062-41D6-8AA5-C3D52E478FB1}"
EndProject
Project("{9A19103F-16F7-4668-BE54-9A1E7A4F7556}") = "Learning04", "prepare\Learning04\Learning04.csproj", "{261F1EA7-A612-4338-9CBF-72CB98ED68AB}"
EndProject
Project("{9A19103F-16F7-4668-BE54-9A1E7A4F7556}") = "Learning05", "prepare\Learning05\Learning05.csproj", "{4FB24EE0-93D1-4EFA-A618-E69842DBA126}"
EndProject
Project("{2150E333-8FDC-42A3-9474-1A3956D46DE8}") = "prove", "prove", "{1A7650E8-6E50-4F92-835B-0E97EE85A41B}"
EndProject
Project("{9A19103F-16F7-4668-BE54-9A1E7A4F7556}") = "Develop02", "prove\Develop02\Develop02.csproj", "{FFF4855A-52BC-4362-AFA0-F03B10021453}"
EndProject
Project("{9A19103F-16F7-4668-BE54-9A1E7A4F7556}") = "Develop03", "prove\Develop03\Develop03.csproj", "{A5F4BECE-FF03-4C5B-9D0A-7CF94EFF4C92}"
EndProject
Project("{9A19103F-16F7-4668-BE54-9A1E7A4F7556}") = "Develop04", "prove\Develop04\Develop04.csproj", "{21AAD2E4-2A2C-4047-A02D-36CAE6AE2FF1}"
EndProject
Project("{9A19103F-16F7-4668-BE54-9A1E7A4F7556}") = "Develop05", "prove\Develop05\Develop05.csproj", "{1E1FF4F7-F066-4427-AD75-3E924CE37994}"
EndProject
Project("{2150E333-8FDC-42A3-9474-1A3956D46DE8}") = "sandbox", "sandbox", "{439EEAE1-4BB4-451F-8713-9A5693620AEA}"
EndProject
Project("{9A19103F-16F7-4668-BE54-9A1E7A4F7556}") = "Sandbox", "sandbox\Sandbox\Sandbox.csproj", "{297DC727-835C-41A7-BF8A-52217A07BB16}"
EndProject
Global
	GlobalSection(SolutionConfigurationPlatforms) = preSolution
		Debug|Any CPU = Debug|Any CPU
		Release|Any CPU = Release|Any CPU
	EndGlobalSection
	GlobalSection(ProjectConfigurationPlatforms) = postSolution
		{D9CC7530-94E1-49F5-9E6F-4C06A99B27F9}.Debug|Any CPU.ActiveCfg = Debug|Any CPU
		{D9CC7530-94E1-49F5-9E6F-4C06A99B27F9}.Debug|Any CPU.Build.0 = Debug|Any CPU
		{D9CC7530-94E1-49F5-9E6F-4C06A99B27F9}.Release|Any CPU.ActiveCfg = Release|Any CPU
		{D9CC7530-94E1-49F5-9E6F-4C06A99B27F9}.Release|Any CPU.Build.0 = Release|Any CPU
		{61694BA3-151F-4060-9267-93F0920D8979}.Debug|Any CPU.ActiveCfg = Debug|Any CPU
		{61694BA3-151F-4060-9267-93F0920D8979}.Debug|Any CPU.Build.0 = Debug|Any CPU
		{61694BA3-151F-4060-9267-93F0920D8979}.Release|Any CPU.ActiveCfg = Release|Any CPU
		{61694BA3-151F-4060-9267-93F0920D8979}.Release|Any CPU.Build.0 = Release|Any CPU
		{AE817606-C2BC-4650-8FDB-90C14B56E48A}.Debug|Any CPU.ActiveCfg = Debug|Any CPU
		{AE817606-C2BC-4650-8FDB-90C14B56E48A}.Debug|Any CPU.Build.0 = Debug|Any CPU
		{AE817606-C2BC-4650-8FDB-90C14B56E48A}.Release|Any CPU.ActiveCfg = Release|Any CPU
		{AE817606-C2BC-4650-8FDB-90C14B56E48A}.Release|Any CPU.Build.0 = Release|Any CPU
		{8330F802-E916-4DB2-B4EF-8D2DF5F70D69}.Debug|Any CPU.ActiveCfg = Debug|Any CPU
		{8330F802-E916-4DB2-B4EF-8D2DF5F70D69}.Debug|Any CPU.Build.0 = Debug|Any CPU
		{8330F802-E916-4DB2-B4EF-8D2DF5F70D69}.Release|Any CPU.ActiveCfg = Release|Any CPU
		{8330F802-E916-4DB2-B4EF-8D2DF5F70D69}.Release|Any CPU.Build.0 = Release|Any CPU
		{7E5D7565-1C82-4FB0-9F12-A35CC3A97D66}.Debug|Any CPU.ActiveCfg = Debug|Any CPU
		{7E5D7565-1C82-4FB0-9F12-A35CC3A97D66}.Debug|Any CPU.Build.0 = Debug|Any CPU
		{7E5D7565-1C82-4FB0-9F12-A35CC3A97D66}.Release|Any CPU.ActiveCfg = Release|Any CPU
		{7E5D7565-1C82-4FB0-9F12-A35CC3A97D66}.Release|Any CPU.Build.0 = Release|Any CPU
		{445AB807-B67E-490D-918B-4625B6A93C0A}.Debug|Any CPU.ActiveCfg = Debug|Any CPU
		{445AB807-B67E-490D-918B-4625B6A93C0A}.Debug|Any CPU.Build.0 = Debug|Any CPU
		{445AB807-B67E-490D-918B-4625B6A93C0A}.Release|Any CPU.ActiveCfg = Release|Any CPU
		{445AB807-B67E-490D-918B-4625B6A93C0A}.Release|Any CPU.Build.0 = Release|Any CPU
		{D2456EA8-9CC3-4A8E-85F0-4316C4B478E3}.Debug|Any CPU.ActiveCfg = Debug|Any CPU
		{D2456EA8-9CC3-4A8E-85F0-4316C4B478E3}.Debug|Any CPU.Build.0 = Debug|Any CPU
		{D2456EA8-9CC3-4A8E-85F0-4316C4B478E3}.Release|Any CPU.ActiveCfg = Release|Any CPU
		{D2456EA8-9CC3-4A8E-85F0-4316C4B478E3}.Release|Any CPU.Build.0 = Release|Any CPU
		{C3B4AB6E-0ADE-487D-987B-C9FBA6FE75CC}.Debug|Any CPU.ActiveCfg = Debug|Any CPU
		{C3B4AB6E-0ADE-487D-987B-C9FBA6FE75CC}.Debug|Any CPU.Build.0 = Debug|Any CPU
		{C3B4AB6E-0ADE-487D-987B-C9FBA6FE75CC}.Release|Any CPU.ActiveCfg = Release|Any CPU
		{C3B4AB6E-0ADE-487D-987B-C9FBA6FE75CC}.Release|Any CPU.Build.0 = Release|Any CPU
		{DD0C6F12-9D79-4915-AB71-3A17A4F7CA27}.Debug|Any CPU.ActiveCfg = Debug|Any CPU
		{DD0C6F12-9D79-4915-AB71-3A17A4F7CA27}.Debug|Any CPU.Build.0 = Debug|Any CPU
		{DD0C6F12-9D79-4915-AB71-3A17A4F7CA27}.Release|Any CPU.ActiveCfg = Release|Any CPU
		{DD0C6F12-9D79-4915-AB71-3A17A4F7CA27}.Release|Any CPU.Build.0 = Release|Any CPU
		{96168AEC-569C-4E9C-BD27-336917DA56E0}.Debug|Any CPU.ActiveCfg = Debug|Any CPU
		{96168AEC-569C-4E9C-BD27-336917DA56E0}.Debug|Any CPU.Build.0 = Debug|Any CPU
		{96168AEC-569C-4E9C-BD27-336917DA56E0}.Release|Any CPU.ActiveCfg = Release|Any CPU
		{96168AEC-569C-4E9C-BD27-336917DA56E0}.Release|Any CPU.Build.0 = Release|Any CPU
		{DDBE3B25-14B9-40AD-B8FC-84CE01DB0D19}.Debug|Any CPU.ActiveCfg = Debug|Any CPU
		{DDBE3B25-14B9-40AD-B8FC-84CE01DB0D19}.Debug|Any CPU.Build.0 = Debug|Any CPU
		{DDBE3B25-14B9-40AD-B8FC-84CE01DB0D19}.Release|Any CPU.ActiveCfg = Release|Any CPU
		{DDBE3B25-14B9-40AD-B8FC-84CE01DB0D19}.Release|Any CPU.Build.0 = Release|Any CPU
		{BD1F6A73-3062-41D6-8AA5-C3D52E478FB1}.Debug|Any CPU.ActiveCfg = Debug|Any CPU
		{BD1F6A73-3062-41D6-8AA5-C3D52E478FB1}.Debug|Any CPU.Build.0 = Debug|Any CPU
		{BD1F6A73-3062-41D6-8AA5-C3D52E478FB1}.Release|Any CPU.ActiveCfg = Release|Any CPU
		{BD1F6A73-3062-41D6-8AA5-C3D52E478FB1}.Release|Any CPU.Build.0 = Release|Any CPU
		{261F1EA7-A612-4338-9CBF-72CB98ED68AB}.Debug|Any CPU.ActiveCfg = Debug|Any CPU
		{261F1EA7-A612-4338-9CBF-72CB98ED68AB}.Debug|Any CPU.Build.0 = Debug|Any CPU
		{261F1EA7-A612-4338-9CBF-72CB98ED68AB}.Release|Any CPU.ActiveCfg = Release|Any CPU
		{261F1EA7-A612-4338-9CBF-72CB98ED68AB}.Release|Any CPU.Build.0 = Release|Any CPU
		{4FB24EE0-93D1-4EFA-A618-E69842DBA126}.Debug|Any CPU.ActiveCfg = Debug|Any CPU
		{4FB24EE0-93D1-4EFA-A618-E69842DBA126}.Debug|Any CPU.Build.0 = Debug|Any CPU
		{4FB24EE0-93D1-4EFA-A618-E69842DBA126}.Release|Any CPU.ActiveCfg = Release|Any CPU
		{4FB24EE0-93D1-4EFA-A618-E69842DBA126}.Release|Any CPU.Build.0 = Release|Any CPU
		{FFF4855A-52BC-4362-AFA0-F03B10021453}.Debug|Any CPU.ActiveCfg = Debug|Any CPU
		{FFF4855A-52BC-4362-AFA0-F03B10021453}.Debug|Any CPU.Build.0 = Debug|Any CPU
		{FFF4855A-52BC-4362-AFA0-F03B10021453}.Release|Any CPU.ActiveCfg = Release|Any CPU
		{FFF4855A-52BC-4362-AFA0-F03B10021453}.Release|Any CPU.Build.0 = Release|Any CPU
		{A5F4BECE-FF03-4C5B-9D0A-7CF94EFF4C92}.Debug|Any CPU.ActiveCfg = Debug|Any CPU
		{A5F4BECE-FF03-4C5B-9D0A-7CF94EFF4C92}.Debug|Any CPU.Build.0 = Debug|Any CPU
		{A5F4BECE-FF03-4C5B-9D0A-7CF94EFF4C92}.Release|Any CPU.ActiveCfg = Release|Any CPU
		{A5F4BECE-FF03-4C5B-9D0A-7CF94EFF4C92}.Release|Any CPU.Build.0 = Release|Any CPU
		{21AAD2E4-2A2C-4047-A02D-36CAE6AE2FF1}.Debug|Any CPU.ActiveCfg = Debug|Any CPU
		{21AAD2E4-2A2C-4047-A02D-36CAE6AE2FF1}.Debug|Any CPU.Build.0 = Debug|Any CPU
		{21AAD2E4-2A2C-4047-A02D-36CAE6AE2FF1}.Release|Any CPU.ActiveCfg = Release|Any CPU
		{21AAD2E4-2A2C-4047-A02D-36CAE6AE2FF1}.Release|Any CPU.Build.0 = Release|Any CPU
		{1E1FF4F7-F066-4427-AD75-3E924CE37994}.Debug|Any CPU.ActiveCfg = Debug|Any CPU
		{1E1FF4F7-F066-4427-AD75-3E924CE37994}.Debug|Any CPU.Build.0 = Debug|Any CPU
		{1E1FF4F7-F066-4427-AD75-3E924CE37994}.Release|Any CPU.ActiveCfg = Release|Any CPU
		{1E1FF4F7-F066-4427-AD75-3E924CE37994}.Release|Any CPU.Build.0 = Release|Any CPU
		{297DC727-835C-41A7-BF8A-52217A07BB16}.Debug|Any CPU.ActiveCfg = Debug|Any CPU
		{297DC727-835C-41A7-BF8A-52217A07BB16}.Debug|Any CPU.Build.0 = Debug|Any CPU
		{297DC727-835C-41A7-BF8A-52217A07BB16}.Release|Any CPU.ActiveCfg = Release|Any CPU
		{297DC727-835C-41A7-BF8A-52217A07BB16}.Release|Any CPU.Build.0 = Release|Any CPU
	EndGlobalSection
	GlobalSection(SolutionProperties) = preSolution
		HideSolutionNode = FALSE
	EndGlobalSection
	GlobalSection(NestedProjects) = preSolution
		{D9CC7530-94E1-49F5-9E6F-4C06A99B27F9} = {EE5FB16D-69FB-4281-BFCA-0B0B4E5167A2}
		{61694BA3-151F-4060-9267-93F0920D8979} = {EE5FB16D-69FB-4281-BFCA-0B0B4E5167A2}
		{AE817606-C2BC-4650-8FDB-90C14B56E48A} = {EE5FB16D-69FB-4281-BFCA-0B0B4E5167A2}
		{8330F802-E916-4DB2-B4EF-8D2DF5F70D69} = {EE5FB16D-69FB-4281-BFCA-0B0B4E5167A2}
		{7E5D7565-1C82-4FB0-9F12-A35CC3A97D66} = {EE5FB16D-69FB-4281-BFCA-0B0B4E5167A2}
		{445AB807-B67E-490D-918B-4625B6A93C0A} = {24A309B6-900E-4AD8-AE92-203AF8181F6D}
		{D2456EA8-9CC3-4A8E-85F0-4316C4B478E3} = {24A309B6-900E-4AD8-AE92-203AF8181F6D}
		{C3B4AB6E-0ADE-487D-987B-C9FBA6FE75CC} = {24A309B6-900E-4AD8-AE92-203AF8181F6D}
		{DD0C6F12-9D79-4915-AB71-3A17A4F7CA27} = {24A309B6-900E-4AD8-AE92-203AF8181F6D}
		{96168AEC-569C-4E9C-BD27-336917DA56E0} = {24A309B6-900E-4AD8-AE92-203AF8181F6D}
		{DDBE3B25-14B9-40AD-B8FC-84CE01DB0D19} = {2896F20A-9AB6-4796-951A-9E41430106B3}
		{BD1F6A73-3062-41D6-8AA5-C3D52E478FB1} = {2896F20A-9AB6-4796-951A-9E41430106B3}
		{261F1EA7-A612-4338-9CBF-72CB98ED68AB} = {2896F20A-9AB6-4796-951A-9E41430106B3}
		{4FB24EE0-93D1-4EFA-A618-E69842DBA126} = {2896F20A-9AB6-4796-951A-9E41430106B3}
		{FFF4855A-52BC-4362-AFA0-F03B10021453} = {1A7650E8-6E50-4F92-835B-0E97EE85A41B}
		{A5F4BECE-FF03-4C5B-9D0A-7CF94EFF4C92} = {1A7650E8-6E50-4F92-835B-0E97EE85A41B}
		{21AAD2E4-2A2C-4047-A02D-36CAE6AE2FF1} = {1A7650E8-6E50-4F92-835B-0E97EE85A41B}
		{1E1FF4F7-F066-4427-AD75-3E924CE37994} = {1A7650E8-6E50-4F92-835B-0E97EE85A41B}
		{297DC727-835C-41A7-BF8A-52217A07BB16} = {439EEAE1-4BB4-451F-8713-9A5693620AEA}
	EndGlobalSection
	GlobalSection(ExtensibilityGlobals) = postSolution
		SolutionGuid = {1C5E95F2-439C-4F8A-AC1A-556BB20A9DF7}
	EndGlobalSection
EndGlobal
